
Microsoft Visual Studio Solution File, Format Version 12.00
# Visual Studio Version 17
VisualStudioVersion = 17.14.36616.10
MinimumVisualStudioVersion = 10.0.40219.1
Project("{FAE04EC0-301F-11D3-BF4B-00C04F79EFBC}") = "MoviesRental", "MoviesRental\MoviesRental.csproj", "{C0358165-00F5-4DC8-9F4C-6108C487FCD6}"
EndProject
Project("{FAE04EC0-301F-11D3-BF4B-00C04F79EFBC}") = "MoviesRentalTesting", "MoviesRentalTesting\MoviesRentalTesting.csproj", "{1D68F476-909E-4942-A58B-690C6535E656}"
EndProject
Global
	GlobalSection(SolutionConfigurationPlatforms) = preSolution
		Debug|Any CPU = Debug|Any CPU
		Release|Any CPU = Release|Any CPU
	EndGlobalSection
	GlobalSection(ProjectConfigurationPlatforms) = postSolution
		{C0358165-00F5-4DC8-9F4C-6108C487FCD6}.Debug|Any CPU.ActiveCfg = Debug|Any CPU
		{C0358165-00F5-4DC8-9F4C-6108C487FCD6}.Debug|Any CPU.Build.0 = Debug|Any CPU
		{C0358165-00F5-4DC8-9F4C-6108C487FCD6}.Release|Any CPU.ActiveCfg = Release|Any CPU
		{C0358165-00F5-4DC8-9F4C-6108C487FCD6}.Release|Any CPU.Build.0 = Release|Any CPU
		{1D68F476-909E-4942-A58B-690C6535E656}.Debug|Any CPU.ActiveCfg = Debug|Any CPU
		{1D68F476-909E-4942-A58B-690C6535E656}.Debug|Any CPU.Build.0 = Debug|Any CPU
		{1D68F476-909E-4942-A58B-690C6535E656}.Release|Any CPU.ActiveCfg = Release|Any CPU
		{1D68F476-909E-4942-A58B-690C6535E656}.Release|Any CPU.Build.0 = Release|Any CPU
	EndGlobalSection
	GlobalSection(SolutionProperties) = preSolution
		HideSolutionNode = FALSE
	EndGlobalSection
	GlobalSection(ExtensibilityGlobals) = postSolution
		SolutionGuid = {1111DE56-BF89-4491-B369-C1F3614BAE95}
	EndGlobalSection
EndGlobal
